// !$*UTF8*$!
{
	archiveVersion = 1;
	classes = {
	};
	objectVersion = 55;
	objects = {

/* Begin PBXBuildFile section */
		C16AD55528BAC07500A1F225 /* HomeViewController.swift in Sources */ = {isa = PBXBuildFile; fileRef = C16AD55428BAC07500A1F225 /* HomeViewController.swift */; };
		C1F628A428B5BDD800D6170E /* AppDelegate.swift in Sources */ = {isa = PBXBuildFile; fileRef = C1F628A328B5BDD800D6170E /* AppDelegate.swift */; };
		C1F628A628B5BDD800D6170E /* SceneDelegate.swift in Sources */ = {isa = PBXBuildFile; fileRef = C1F628A528B5BDD800D6170E /* SceneDelegate.swift */; };
		C1F628A828B5BDD800D6170E /* LoginViewController.swift in Sources */ = {isa = PBXBuildFile; fileRef = C1F628A728B5BDD800D6170E /* LoginViewController.swift */; };
		C1F628AD28B5BDDB00D6170E /* Assets.xcassets in Resources */ = {isa = PBXBuildFile; fileRef = C1F628AC28B5BDDB00D6170E /* Assets.xcassets */; };
		C1F628B028B5BDDB00D6170E /* LaunchScreen.storyboard in Resources */ = {isa = PBXBuildFile; fileRef = C1F628AE28B5BDDB00D6170E /* LaunchScreen.storyboard */; };
		C1F628B828B5C04D00D6170E /* ExtensionForConstraints.swift in Sources */ = {isa = PBXBuildFile; fileRef = C1F628B728B5C04D00D6170E /* ExtensionForConstraints.swift */; };
		EB80A4DF9F53254FB92BBC35 /* Pods_Rick_Morty.framework in Frameworks */ = {isa = PBXBuildFile; fileRef = 010EF8AFEA573FD8D83DB691 /* Pods_Rick_Morty.framework */; };
/* End PBXBuildFile section */

/* Begin PBXFileReference section */
		010EF8AFEA573FD8D83DB691 /* Pods_Rick_Morty.framework */ = {isa = PBXFileReference; explicitFileType = wrapper.framework; includeInIndex = 0; path = Pods_Rick_Morty.framework; sourceTree = BUILT_PRODUCTS_DIR; };
		8F1598C5F3CD478181D6BECF /* Pods-Rick&Morty.release.xcconfig */ = {isa = PBXFileReference; includeInIndex = 1; lastKnownFileType = text.xcconfig; name = "Pods-Rick&Morty.release.xcconfig"; path = "Target Support Files/Pods-Rick&Morty/Pods-Rick&Morty.release.xcconfig"; sourceTree = "<group>"; };
		C16AD55428BAC07500A1F225 /* HomeViewController.swift */ = {isa = PBXFileReference; lastKnownFileType = sourcecode.swift; path = HomeViewController.swift; sourceTree = "<group>"; };
		C1F628A028B5BDD800D6170E /* Rick&Morty.app */ = {isa = PBXFileReference; explicitFileType = wrapper.application; includeInIndex = 0; path = "Rick&Morty.app"; sourceTree = BUILT_PRODUCTS_DIR; };
		C1F628A328B5BDD800D6170E /* AppDelegate.swift */ = {isa = PBXFileReference; lastKnownFileType = sourcecode.swift; path = AppDelegate.swift; sourceTree = "<group>"; };
		C1F628A528B5BDD800D6170E /* SceneDelegate.swift */ = {isa = PBXFileReference; lastKnownFileType = sourcecode.swift; path = SceneDelegate.swift; sourceTree = "<group>"; };
		C1F628A728B5BDD800D6170E /* LoginViewController.swift */ = {isa = PBXFileReference; lastKnownFileType = sourcecode.swift; path = LoginViewController.swift; sourceTree = "<group>"; };
		C1F628AC28B5BDDB00D6170E /* Assets.xcassets */ = {isa = PBXFileReference; lastKnownFileType = folder.assetcatalog; path = Assets.xcassets; sourceTree = "<group>"; };
		C1F628AF28B5BDDB00D6170E /* Base */ = {isa = PBXFileReference; lastKnownFileType = file.storyboard; name = Base; path = Base.lproj/LaunchScreen.storyboard; sourceTree = "<group>"; };
		C1F628B128B5BDDB00D6170E /* Info.plist */ = {isa = PBXFileReference; lastKnownFileType = text.plist.xml; path = Info.plist; sourceTree = "<group>"; };
		C1F628B728B5C04D00D6170E /* ExtensionForConstraints.swift */ = {isa = PBXFileReference; lastKnownFileType = sourcecode.swift; path = ExtensionForConstraints.swift; sourceTree = "<group>"; };
		E79DD5FA4304AE0AED394C8E /* Pods-Rick&Morty.debug.xcconfig */ = {isa = PBXFileReference; includeInIndex = 1; lastKnownFileType = text.xcconfig; name = "Pods-Rick&Morty.debug.xcconfig"; path = "Target Support Files/Pods-Rick&Morty/Pods-Rick&Morty.debug.xcconfig"; sourceTree = "<group>"; };
/* End PBXFileReference section */

/* Begin PBXFrameworksBuildPhase section */
		C1F6289D28B5BDD800D6170E /* Frameworks */ = {
			isa = PBXFrameworksBuildPhase;
			buildActionMask = 2147483647;
			files = (
				EB80A4DF9F53254FB92BBC35 /* Pods_Rick_Morty.framework in Frameworks */,
			);
			runOnlyForDeploymentPostprocessing = 0;
		};
/* End PBXFrameworksBuildPhase section */

/* Begin PBXGroup section */
		121C2C8325DF59EBA00C137F /* Pods */ = {
			isa = PBXGroup;
			children = (
				E79DD5FA4304AE0AED394C8E /* Pods-Rick&Morty.debug.xcconfig */,
				8F1598C5F3CD478181D6BECF /* Pods-Rick&Morty.release.xcconfig */,
			);
			name = Pods;
			path = Pods;
			sourceTree = "<group>";
		};
		AA06EC687001D51F1D1C1730 /* Frameworks */ = {
			isa = PBXGroup;
			children = (
				010EF8AFEA573FD8D83DB691 /* Pods_Rick_Morty.framework */,
			);
			name = Frameworks;
			sourceTree = "<group>";
		};
		C1F6289728B5BDD800D6170E = {
			isa = PBXGroup;
			children = (
				C1F628A228B5BDD800D6170E /* Rick&Morty */,
				C1F628A128B5BDD800D6170E /* Products */,
				121C2C8325DF59EBA00C137F /* Pods */,
				AA06EC687001D51F1D1C1730 /* Frameworks */,
			);
			sourceTree = "<group>";
		};
		C1F628A128B5BDD800D6170E /* Products */ = {
			isa = PBXGroup;
			children = (
				C1F628A028B5BDD800D6170E /* Rick&Morty.app */,
			);
			name = Products;
			sourceTree = "<group>";
		};
		C1F628A228B5BDD800D6170E /* Rick&Morty */ = {
			isa = PBXGroup;
			children = (
				C1F628A328B5BDD800D6170E /* AppDelegate.swift */,
				C1F628A528B5BDD800D6170E /* SceneDelegate.swift */,
				C1F628A728B5BDD800D6170E /* LoginViewController.swift */,
				C1F628B728B5C04D00D6170E /* ExtensionForConstraints.swift */,
				C1F628AC28B5BDDB00D6170E /* Assets.xcassets */,
				C1F628AE28B5BDDB00D6170E /* LaunchScreen.storyboard */,
				C1F628B128B5BDDB00D6170E /* Info.plist */,
				C16AD55428BAC07500A1F225 /* HomeViewController.swift */,
			);
			path = "Rick&Morty";
			sourceTree = "<group>";
		};
/* End PBXGroup section */

/* Begin PBXNativeTarget section */
		C1F6289F28B5BDD800D6170E /* Rick&Morty */ = {
			isa = PBXNativeTarget;
			buildConfigurationList = C1F628B428B5BDDB00D6170E /* Build configuration list for PBXNativeTarget "Rick&Morty" */;
			buildPhases = (
				8154FC60EC00D97418402E3D /* [CP] Check Pods Manifest.lock */,
				C1F6289C28B5BDD800D6170E /* Sources */,
				C1F6289D28B5BDD800D6170E /* Frameworks */,
				C1F6289E28B5BDD800D6170E /* Resources */,
				A8A391A4DA0C72BB11682391 /* [CP] Embed Pods Frameworks */,
			);
			buildRules = (
			);
			dependencies = (
			);
			name = "Rick&Morty";
			productName = "Rick&Morty";
			productReference = C1F628A028B5BDD800D6170E /* Rick&Morty.app */;
			productType = "com.apple.product-type.application";
		};
/* End PBXNativeTarget section */

/* Begin PBXProject section */
		C1F6289828B5BDD800D6170E /* Project object */ = {
			isa = PBXProject;
			attributes = {
				BuildIndependentTargetsInParallel = 1;
				LastSwiftUpdateCheck = 1340;
				LastUpgradeCheck = 1340;
				TargetAttributes = {
					C1F6289F28B5BDD800D6170E = {
						CreatedOnToolsVersion = 13.4.1;
					};
				};
			};
			buildConfigurationList = C1F6289B28B5BDD800D6170E /* Build configuration list for PBXProject "Rick&Morty" */;
			compatibilityVersion = "Xcode 13.0";
			developmentRegion = en;
			hasScannedForEncodings = 0;
			knownRegions = (
				en,
				Base,
			);
			mainGroup = C1F6289728B5BDD800D6170E;
			productRefGroup = C1F628A128B5BDD800D6170E /* Products */;
			projectDirPath = "";
			projectRoot = "";
			targets = (
				C1F6289F28B5BDD800D6170E /* Rick&Morty */,
			);
		};
/* End PBXProject section */

/* Begin PBXResourcesBuildPhase section */
		C1F6289E28B5BDD800D6170E /* Resources */ = {
			isa = PBXResourcesBuildPhase;
			buildActionMask = 2147483647;
			files = (
				C1F628B028B5BDDB00D6170E /* LaunchScreen.storyboard in Resources */,
				C1F628AD28B5BDDB00D6170E /* Assets.xcassets in Resources */,
			);
			runOnlyForDeploymentPostprocessing = 0;
		};
/* End PBXResourcesBuildPhase section */

/* Begin PBXShellScriptBuildPhase section */
		8154FC60EC00D97418402E3D /* [CP] Check Pods Manifest.lock */ = {
			isa = PBXShellScriptBuildPhase;
			buildActionMask = 2147483647;
			files = (
			);
			inputFileListPaths = (
			);
			inputPaths = (
				"${PODS_PODFILE_DIR_PATH}/Podfile.lock",
				"${PODS_ROOT}/Manifest.lock",
			);
			name = "[CP] Check Pods Manifest.lock";
			outputFileListPaths = (
			);
			outputPaths = (
				"$(DERIVED_FILE_DIR)/Pods-Rick&Morty-checkManifestLockResult.txt",
			);
			runOnlyForDeploymentPostprocessing = 0;
			shellPath = /bin/sh;
			shellScript = "diff \"${PODS_PODFILE_DIR_PATH}/Podfile.lock\" \"${PODS_ROOT}/Manifest.lock\" > /dev/null\nif [ $? != 0 ] ; then\n    # print error to STDERR\n    echo \"error: The sandbox is not in sync with the Podfile.lock. Run 'pod install' or update your CocoaPods installation.\" >&2\n    exit 1\nfi\n# This output is used by Xcode 'outputs' to avoid re-running this script phase.\necho \"SUCCESS\" > \"${SCRIPT_OUTPUT_FILE_0}\"\n";
			showEnvVarsInLog = 0;
		};
		A8A391A4DA0C72BB11682391 /* [CP] Embed Pods Frameworks */ = {
			isa = PBXShellScriptBuildPhase;
			buildActionMask = 2147483647;
			files = (
			);
			inputFileListPaths = (
				"${PODS_ROOT}/Target Support Files/Pods-Rick&Morty/Pods-Rick&Morty-frameworks-${CONFIGURATION}-input-files.xcfilelist",
			);
			name = "[CP] Embed Pods Frameworks";
			outputFileListPaths = (
				"${PODS_ROOT}/Target Support Files/Pods-Rick&Morty/Pods-Rick&Morty-frameworks-${CONFIGURATION}-output-files.xcfilelist",
			);
			runOnlyForDeploymentPostprocessing = 0;
			shellPath = /bin/sh;
			shellScript = "\"${PODS_ROOT}/Target Support Files/Pods-Rick&Morty/Pods-Rick&Morty-frameworks.sh\"\n";
			showEnvVarsInLog = 0;
		};
/* End PBXShellScriptBuildPhase section */

/* Begin PBXSourcesBuildPhase section */
		C1F6289C28B5BDD800D6170E /* Sources */ = {
			isa = PBXSourcesBuildPhase;
			buildActionMask = 2147483647;
			files = (
				C1F628B828B5C04D00D6170E /* ExtensionForConstraints.swift in Sources */,
				C1F628A828B5BDD800D6170E /* LoginViewController.swift in Sources */,
				C1F628A428B5BDD800D6170E /* AppDelegate.swift in Sources */,
				C1F628A628B5BDD800D6170E /* SceneDelegate.swift in Sources */,
				C16AD55528BAC07500A1F225 /* HomeViewController.swift in Sources */,
			);
			runOnlyForDeploymentPostprocessing = 0;
		};
/* End PBXSourcesBuildPhase section */

/* Begin PBXVariantGroup section */
		C1F628AE28B5BDDB00D6170E /* LaunchScreen.storyboard */ = {
			isa = PBXVariantGroup;
			children = (
				C1F628AF28B5BDDB00D6170E /* Base */,
			);
			name = LaunchScreen.storyboard;
			sourceTree = "<group>";
		};
/* End PBXVariantGroup section */

/* Begin XCBuildConfiguration section */
		C1F628B228B5BDDB00D6170E /* Debug */ = {
			isa = XCBuildConfiguration;
			buildSettings = {
				ALWAYS_SEARCH_USER_PATHS = NO;
				CLANG_ANALYZER_NONNULL = YES;
				CLANG_ANALYZER_NUMBER_OBJECT_CONVERSION = YES_AGGRESSIVE;
				CLANG_CXX_LANGUAGE_STANDARD = "gnu++17";
				CLANG_ENABLE_MODULES = YES;
				CLANG_ENABLE_OBJC_ARC = YES;
				CLANG_ENABLE_OBJC_WEAK = YES;
				CLANG_WARN_BLOCK_CAPTURE_AUTORELEASING = YES;
				CLANG_WARN_BOOL_CONVERSION = YES;
				CLANG_WARN_COMMA = YES;
				CLANG_WARN_CONSTANT_CONVERSION = YES;
				CLANG_WARN_DEPRECATED_OBJC_IMPLEMENTATIONS = YES;
				CLANG_WARN_DIRECT_OBJC_ISA_USAGE = YES_ERROR;
				CLANG_WARN_DOCUMENTATION_COMMENTS = YES;
				CLANG_WARN_EMPTY_BODY = YES;
				CLANG_WARN_ENUM_CONVERSION = YES;
				CLANG_WARN_INFINITE_RECURSION = YES;
				CLANG_WARN_INT_CONVERSION = YES;
				CLANG_WARN_NON_LITERAL_NULL_CONVERSION = YES;
				CLANG_WARN_OBJC_IMPLICIT_RETAIN_SELF = YES;
				CLANG_WARN_OBJC_LITERAL_CONVERSION = YES;
				CLANG_WARN_OBJC_ROOT_CLASS = YES_ERROR;
				CLANG_WARN_QUOTED_INCLUDE_IN_FRAMEWORK_HEADER = YES;
				CLANG_WARN_RANGE_LOOP_ANALYSIS = YES;
				CLANG_WARN_STRICT_PROTOTYPES = YES;
				CLANG_WARN_SUSPICIOUS_MOVE = YES;
				CLANG_WARN_UNGUARDED_AVAILABILITY = YES_AGGRESSIVE;
				CLANG_WARN_UNREACHABLE_CODE = YES;
				CLANG_WARN__DUPLICATE_METHOD_MATCH = YES;
				COPY_PHASE_STRIP = NO;
				DEBUG_INFORMATION_FORMAT = dwarf;
				ENABLE_STRICT_OBJC_MSGSEND = YES;
				ENABLE_TESTABILITY = YES;
				GCC_C_LANGUAGE_STANDARD = gnu11;
				GCC_DYNAMIC_NO_PIC = NO;
				GCC_NO_COMMON_BLOCKS = YES;
				GCC_OPTIMIZATION_LEVEL = 0;
				GCC_PREPROCESSOR_DEFINITIONS = (
					"DEBUG=1",
					"$(inherited)",
				);
				GCC_WARN_64_TO_32_BIT_CONVERSION = YES;
				GCC_WARN_ABOUT_RETURN_TYPE = YES_ERROR;
				GCC_WARN_UNDECLARED_SELECTOR = YES;
				GCC_WARN_UNINITIALIZED_AUTOS = YES_AGGRESSIVE;
				GCC_WARN_UNUSED_FUNCTION = YES;
				GCC_WARN_UNUSED_VARIABLE = YES;
				IPHONEOS_DEPLOYMENT_TARGET = 15.5;
				MTL_ENABLE_DEBUG_INFO = INCLUDE_SOURCE;
				MTL_FAST_MATH = YES;
				ONLY_ACTIVE_ARCH = YES;
				SDKROOT = iphoneos;
				SWIFT_ACTIVE_COMPILATION_CONDITIONS = DEBUG;
				SWIFT_OPTIMIZATION_LEVEL = "-Onone";
			};
			name = Debug;
		};
		C1F628B328B5BDDB00D6170E /* Release */ = {
			isa = XCBuildConfiguration;
			buildSettings = {
				ALWAYS_SEARCH_USER_PATHS = NO;
				CLANG_ANALYZER_NONNULL = YES;
				CLANG_ANALYZER_NUMBER_OBJECT_CONVERSION = YES_AGGRESSIVE;
				CLANG_CXX_LANGUAGE_STANDARD = "gnu++17";
				CLANG_ENABLE_MODULES = YES;
				CLANG_ENABLE_OBJC_ARC = YES;
				CLANG_ENABLE_OBJC_WEAK = YES;
				CLANG_WARN_BLOCK_CAPTURE_AUTORELEASING = YES;
				CLANG_WARN_BOOL_CONVERSION = YES;
				CLANG_WARN_COMMA = YES;
				CLANG_WARN_CONSTANT_CONVERSION = YES;
				CLANG_WARN_DEPRECATED_OBJC_IMPLEMENTATIONS = YES;
				CLANG_WARN_DIRECT_OBJC_ISA_USAGE = YES_ERROR;
				CLANG_WARN_DOCUMENTATION_COMMENTS = YES;
				CLANG_WARN_EMPTY_BODY = YES;
				CLANG_WARN_ENUM_CONVERSION = YES;
				CLANG_WARN_INFINITE_RECURSION = YES;
				CLANG_WARN_INT_CONVERSION = YES;
				CLANG_WARN_NON_LITERAL_NULL_CONVERSION = YES;
				CLANG_WARN_OBJC_IMPLICIT_RETAIN_SELF = YES;
				CLANG_WARN_OBJC_LITERAL_CONVERSION = YES;
				CLANG_WARN_OBJC_ROOT_CLASS = YES_ERROR;
				CLANG_WARN_QUOTED_INCLUDE_IN_FRAMEWORK_HEADER = YES;
				CLANG_WARN_RANGE_LOOP_ANALYSIS = YES;
				CLANG_WARN_STRICT_PROTOTYPES = YES;
				CLANG_WARN_SUSPICIOUS_MOVE = YES;
				CLANG_WARN_UNGUARDED_AVAILABILITY = YES_AGGRESSIVE;
				CLANG_WARN_UNREACHABLE_CODE = YES;
				CLANG_WARN__DUPLICATE_METHOD_MATCH = YES;
				COPY_PHASE_STRIP = NO;
				DEBUG_INFORMATION_FORMAT = "dwarf-with-dsym";
				ENABLE_NS_ASSERTIONS = NO;
				ENABLE_STRICT_OBJC_MSGSEND = YES;
				GCC_C_LANGUAGE_STANDARD = gnu11;
				GCC_NO_COMMON_BLOCKS = YES;
				GCC_WARN_64_TO_32_BIT_CONVERSION = YES;
				GCC_WARN_ABOUT_RETURN_TYPE = YES_ERROR;
				GCC_WARN_UNDECLARED_SELECTOR = YES;
				GCC_WARN_UNINITIALIZED_AUTOS = YES_AGGRESSIVE;
				GCC_WARN_UNUSED_FUNCTION = YES;
				GCC_WARN_UNUSED_VARIABLE = YES;
				IPHONEOS_DEPLOYMENT_TARGET = 15.5;
				MTL_ENABLE_DEBUG_INFO = NO;
				MTL_FAST_MATH = YES;
				SDKROOT = iphoneos;
				SWIFT_COMPILATION_MODE = wholemodule;
				SWIFT_OPTIMIZATION_LEVEL = "-O";
				VALIDATE_PRODUCT = YES;
			};
			name = Release;
		};
		C1F628B528B5BDDB00D6170E /* Debug */ = {
			isa = XCBuildConfiguration;
			baseConfigurationReference = E79DD5FA4304AE0AED394C8E /* Pods-Rick&Morty.debug.xcconfig */;
			buildSettings = {
				ASSETCATALOG_COMPILER_APPICON_NAME = AppIcon;
				ASSETCATALOG_COMPILER_GLOBAL_ACCENT_COLOR_NAME = AccentColor;
				BASE_URL = "https://rickandmortyapi.com/api/";
				CODE_SIGN_STYLE = Automatic;
				CURRENT_PROJECT_VERSION = 1;
				DEVELOPMENT_TEAM = B343RB5PHC;
				GENERATE_INFOPLIST_FILE = YES;
				INFOPLIST_FILE = "Rick&Morty/Info.plist";
				INFOPLIST_KEY_CFBundleDisplayName = "Rick & Morty";
				INFOPLIST_KEY_UIApplicationSupportsIndirectInputEvents = YES;
				INFOPLIST_KEY_UILaunchStoryboardName = LaunchScreen;
				INFOPLIST_KEY_UISupportedInterfaceOrientations = UIInterfaceOrientationPortrait;
				INFOPLIST_KEY_UISupportedInterfaceOrientations_iPad = "UIInterfaceOrientationPortrait UIInterfaceOrientationPortraitUpsideDown UIInterfaceOrientationLandscapeLeft UIInterfaceOrientationLandscapeRight";
				INFOPLIST_KEY_UISupportedInterfaceOrientations_iPhone = "UIInterfaceOrientationPortrait UIInterfaceOrientationLandscapeLeft UIInterfaceOrientationLandscapeRight";
				LD_RUNPATH_SEARCH_PATHS = (
					"$(inherited)",
					"@executable_path/Frameworks",
				);
				MARKETING_VERSION = 1.0;
				PRODUCT_BUNDLE_IDENTIFIER = "com.Pablo.Rick-Morty";
				PRODUCT_NAME = "$(TARGET_NAME)";
				SWIFT_EMIT_LOC_STRINGS = YES;
				SWIFT_VERSION = 5.0;
				TARGETED_DEVICE_FAMILY = "1,2";
			};
			name = Debug;
		};
		C1F628B628B5BDDB00D6170E /* Release */ = {
			isa = XCBuildConfiguration;
			baseConfigurationReference = 8F1598C5F3CD478181D6BECF /* Pods-Rick&Morty.release.xcconfig */;
			buildSettings = {
				ASSETCATALOG_COMPILER_APPICON_NAME = AppIcon;
				ASSETCATALOG_COMPILER_GLOBAL_ACCENT_COLOR_NAME = AccentColor;
				BASE_URL = "https://rickandmortyapi.com/api/";
				CODE_SIGN_STYLE = Automatic;
				CURRENT_PROJECT_VERSION = 1;
				DEVELOPMENT_TEAM = B343RB5PHC;
				GENERATE_INFOPLIST_FILE = YES;
				INFOPLIST_FILE = "Rick&Morty/Info.plist";
				INFOPLIST_KEY_CFBundleDisplayName = "Rick & Morty";
				INFOPLIST_KEY_UIApplicationSupportsIndirectInputEvents = YES;
				INFOPLIST_KEY_UILaunchStoryboardName = LaunchScreen;
				INFOPLIST_KEY_UISupportedInterfaceOrientations = UIInterfaceOrientationPortrait;
				INFOPLIST_KEY_UISupportedInterfaceOrientations_iPad = "UIInterfaceOrientationPortrait UIInterfaceOrientationPortraitUpsideDown UIInterfaceOrientationLandscapeLeft UIInterfaceOrientationLandscapeRight";
				INFOPLIST_KEY_UISupportedInterfaceOrientations_iPhone = "UIInterfaceOrientationPortrait UIInterfaceOrientationLandscapeLeft UIInterfaceOrientationLandscapeRight";
				LD_RUNPATH_SEARCH_PATHS = (
					"$(inherited)",
					"@executable_path/Frameworks",
				);
				MARKETING_VERSION = 1.0;
				PRODUCT_BUNDLE_IDENTIFIER = "com.Pablo.Rick-Morty";
				PRODUCT_NAME = "$(TARGET_NAME)";
				SWIFT_EMIT_LOC_STRINGS = YES;
				SWIFT_VERSION = 5.0;
				TARGETED_DEVICE_FAMILY = "1,2";
			};
			name = Release;
		};
/* End XCBuildConfiguration section */

/* Begin XCConfigurationList section */
		C1F6289B28B5BDD800D6170E /* Build configuration list for PBXProject "Rick&Morty" */ = {
			isa = XCConfigurationList;
			buildConfigurations = (
				C1F628B228B5BDDB00D6170E /* Debug */,
				C1F628B328B5BDDB00D6170E /* Release */,
			);
			defaultConfigurationIsVisible = 0;
			defaultConfigurationName = Release;
		};
		C1F628B428B5BDDB00D6170E /* Build configuration list for PBXNativeTarget "Rick&Morty" */ = {
			isa = XCConfigurationList;
			buildConfigurations = (
				C1F628B528B5BDDB00D6170E /* Debug */,
				C1F628B628B5BDDB00D6170E /* Release */,
			);
			defaultConfigurationIsVisible = 0;
			defaultConfigurationName = Release;
		};
/* End XCConfigurationList section */
	};
	rootObject = C1F6289828B5BDD800D6170E /* Project object */;
}
